
Microsoft Visual Studio Solution File, Format Version 12.00
Project("{FAE04EC0-301F-11D3-BF4B-00C04F79EFBC}") = "DataService", "DataService\DataService.csproj", "{2F2F739A-A75C-470C-880C-CB46661652FC}"
EndProject
Project("{FAE04EC0-301F-11D3-BF4B-00C04F79EFBC}") = "WebService", "WebService\WebService.csproj", "{122DE405-E898-4695-87DE-0FAEAC447579}"
EndProject
Global
	GlobalSection(SolutionConfigurationPlatforms) = preSolution
		Debug|Any CPU = Debug|Any CPU
		Release|Any CPU = Release|Any CPU
	EndGlobalSection
	GlobalSection(ProjectConfigurationPlatforms) = postSolution
		{2F2F739A-A75C-470C-880C-CB46661652FC}.Debug|Any CPU.ActiveCfg = Debug|Any CPU
		{2F2F739A-A75C-470C-880C-CB46661652FC}.Debug|Any CPU.Build.0 = Debug|Any CPU
		{2F2F739A-A75C-470C-880C-CB46661652FC}.Release|Any CPU.ActiveCfg = Release|Any CPU
		{2F2F739A-A75C-470C-880C-CB46661652FC}.Release|Any CPU.Build.0 = Release|Any CPU
		{122DE405-E898-4695-87DE-0FAEAC447579}.Debug|Any CPU.ActiveCfg = Debug|Any CPU
		{122DE405-E898-4695-87DE-0FAEAC447579}.Debug|Any CPU.Build.0 = Debug|Any CPU
		{122DE405-E898-4695-87DE-0FAEAC447579}.Release|Any CPU.ActiveCfg = Release|Any CPU
		{122DE405-E898-4695-87DE-0FAEAC447579}.Release|Any CPU.Build.0 = Release|Any CPU
	EndGlobalSection
EndGlobal
